
Microsoft Visual Studio Solution File, Format Version 12.00
# Visual Studio Version 16
VisualStudioVersion = 16.0.28803.352
MinimumVisualStudioVersion = 10.0.40219.1
Project("{9A19103F-16F7-4668-BE54-9A1E7A4F7556}") = "CycleTogetherWeb", "CycleTogetherWeb\CycleTogetherWeb.csproj", "{BC5A3102-1B3A-41C6-B235-A8B6DA1EBB00}"
EndProject
Project("{9A19103F-16F7-4668-BE54-9A1E7A4F7556}") = "WebModels", "WebModels\WebModels.csproj", "{9030345D-94FE-41AE-AD47-BEAE3F6FA1E8}"
EndProject
Project("{9A19103F-16F7-4668-BE54-9A1E7A4F7556}") = "CycleTogether.Authentication", "CycleTogether.Authentication\CycleTogether.Authentication.csproj", "{5E402B38-CEFB-4338-9D88-3BFD6F3C473A}"
EndProject
Project("{9A19103F-16F7-4668-BE54-9A1E7A4F7556}") = "DAL", "DAL\DAL.csproj", "{9B5F1BE3-E385-402B-82F9-5BA5BA9BB7AE}"
EndProject
Project("{9A19103F-16F7-4668-BE54-9A1E7A4F7556}") = "DAL.Contracts", "DAL.Contracts\DAL.Contracts.csproj", "{A60A6CCB-E7E9-48C0-80E6-69CDE74CAEAF}"
EndProject
Project("{9A19103F-16F7-4668-BE54-9A1E7A4F7556}") = "DAL.Models", "DAL.Models\DAL.Models.csproj", "{65B26148-B02F-4490-9430-AEC903658559}"
EndProject
Project("{9A19103F-16F7-4668-BE54-9A1E7A4F7556}") = "CycleTogether.Routes", "CycleTogether.Routes\CycleTogether.Routes.csproj", "{0148C102-1E61-4829-89B4-B1B97A8208DB}"
EndProject
Project("{2150E333-8FDC-42A3-9474-1A3956D46DE8}") = "CycleTogether.DAL", "CycleTogether.DAL", "{0D58E6DD-772A-446B-A83C-21AC416678C1}"
EndProject
Project("{2150E333-8FDC-42A3-9474-1A3956D46DE8}") = "CycleTogether.Auth", "CycleTogether.Auth", "{6312FF7A-4A0B-42BE-8919-C766409BBC14}"
EndProject
Project("{2150E333-8FDC-42A3-9474-1A3956D46DE8}") = "CycleTogether.Route", "CycleTogether.Route", "{E34C13E2-7C4E-4BB2-932B-1EE0D9EFCA04}"
EndProject
Project("{9A19103F-16F7-4668-BE54-9A1E7A4F7556}") = "CycleTogether.Enums", "CycleTogether.Enums\CycleTogether.Enums.csproj", "{DFC9414D-5E09-4119-AF2A-8EA5494E20F6}"
EndProject
Project("{9A19103F-16F7-4668-BE54-9A1E7A4F7556}") = "CycleTogether.RoutesDifficultyManager", "CycleTogether.RoutesDifficultyManager\CycleTogether.RoutesDifficultyManager.csproj", "{779B01FD-A439-4923-BC44-0FDE06B1AD4D}"
EndProject
Project("{9A19103F-16F7-4668-BE54-9A1E7A4F7556}") = "CycleTogether.RoutesSubscriber", "CycleTogether.RoutesSubscriber\CycleTogether.RoutesSubscriber.csproj", "{48285F51-591E-4DF2-9E00-F64A38AFA972}"
EndProject
Project("{9A19103F-16F7-4668-BE54-9A1E7A4F7556}") = "CycleTogether.Equipments", "CycleTogether.Equipments\CycleTogether.Equipments.csproj", "{6DEBA5D4-325E-4AE5-9F3F-966103C6FEB6}"
EndProject
Project("{9A19103F-16F7-4668-BE54-9A1E7A4F7556}") = "CycleTogether.Contracts", "CycleTogether.Contracts\CycleTogether.Contracts.csproj", "{EA5EBF5B-55F7-4496-9C84-90B909CAD97D}"
EndProject
Project("{2150E333-8FDC-42A3-9474-1A3956D46DE8}") = "CycleTogether.Equipment", "CycleTogether.Equipment", "{CEFACAD2-46DE-4FD9-8EC7-3FA3B88F1BED}"
EndProject
Project("{2150E333-8FDC-42A3-9474-1A3956D46DE8}") = "CycleTogether.ContractsAndEnums", "CycleTogether.ContractsAndEnums", "{1C2C9FEC-1B43-444D-B5CD-C9B6CC0F88CC}"
EndProject
Project("{2150E333-8FDC-42A3-9474-1A3956D46DE8}") = "CycleTogether.Images", "CycleTogether.Images", "{1BD1D16D-9B2F-404E-AF2B-E0E013F9C93F}"
EndProject
Project("{9A19103F-16F7-4668-BE54-9A1E7A4F7556}") = "CycleTogether.ImageManager", "CycleTogether.ImageManager\CycleTogether.ImageManager.csproj", "{4B3FBBF8-AF07-46C7-A931-DB46108F522D}"
EndProject
Project("{9A19103F-16F7-4668-BE54-9A1E7A4F7556}") = "CycleTogether.Notification", "CycleTogether.Notifications\CycleTogether.Notification.csproj", "{59741623-EADB-461D-A8B6-32C96A6FBE5C}"
EndProject
Project("{2150E333-8FDC-42A3-9474-1A3956D46DE8}") = "CycleTogether.Notifications", "CycleTogether.Notifications", "{F837281D-6917-4581-BAEC-71D9236AA187}"
EndProject
Project("{9A19103F-16F7-4668-BE54-9A1E7A4F7556}") = "NotificationEmails", "NotificationEmails\NotificationEmails.csproj", "{B7A4E541-D42E-474D-B2A9-EA4F50FD37D3}"
EndProject
Project("{9A19103F-16F7-4668-BE54-9A1E7A4F7556}") = "CycleTogether.Claims", "CycleTogether.Claims\CycleTogether.Claims.csproj", "{1D849A7C-7F3D-4CB1-AFFC-AB12BDE7BFBB}"
EndProject
Project("{9A19103F-16F7-4668-BE54-9A1E7A4F7556}") = "CycleTogether.JSONBindingModels", "CycleTogether.BindingModels\CycleTogether.JSONBindingModels.csproj", "{C75B18F7-D57D-4FBE-9CB5-852D689BF398}"
EndProject
Project("{9A19103F-16F7-4668-BE54-9A1E7A4F7556}") = "DAL.Data", "DAL.Data\DAL.Data.csproj", "{C3BFE754-728C-4EB4-B233-573A3BB1D585}"
EndProject
Project("{9A19103F-16F7-4668-BE54-9A1E7A4F7556}") = "CycleTogether.Cache", "CycleTogether.Cache\CycleTogether.Cache.csproj", "{258B7BA7-E68A-4EFA-90B7-DFF13883CBCA}"
EndProject
Project("{2150E333-8FDC-42A3-9474-1A3956D46DE8}") = "CycleTogether.Search", "CycleTogether.Search", "{E8F16137-6AE1-4BE5-A017-BB6C7F266D36}"
EndProject
Project("{FAE04EC0-301F-11D3-BF4B-00C04F79EFBC}") = "CycleTogether.DataRetriever", "CycleTogether.DataRetriever\CycleTogether.DataRetriever.csproj", "{085BAD3F-D254-425B-A2E8-F51F3CAF7779}"
EndProject
Global
	GlobalSection(SolutionConfigurationPlatforms) = preSolution
		Debug|Any CPU = Debug|Any CPU
		Release|Any CPU = Release|Any CPU
	EndGlobalSection
	GlobalSection(ProjectConfigurationPlatforms) = postSolution
		{BC5A3102-1B3A-41C6-B235-A8B6DA1EBB00}.Debug|Any CPU.ActiveCfg = Debug|Any CPU
		{BC5A3102-1B3A-41C6-B235-A8B6DA1EBB00}.Debug|Any CPU.Build.0 = Debug|Any CPU
		{BC5A3102-1B3A-41C6-B235-A8B6DA1EBB00}.Release|Any CPU.ActiveCfg = Release|Any CPU
		{BC5A3102-1B3A-41C6-B235-A8B6DA1EBB00}.Release|Any CPU.Build.0 = Release|Any CPU
		{9030345D-94FE-41AE-AD47-BEAE3F6FA1E8}.Debug|Any CPU.ActiveCfg = Debug|Any CPU
		{9030345D-94FE-41AE-AD47-BEAE3F6FA1E8}.Debug|Any CPU.Build.0 = Debug|Any CPU
		{9030345D-94FE-41AE-AD47-BEAE3F6FA1E8}.Release|Any CPU.ActiveCfg = Release|Any CPU
		{9030345D-94FE-41AE-AD47-BEAE3F6FA1E8}.Release|Any CPU.Build.0 = Release|Any CPU
		{5E402B38-CEFB-4338-9D88-3BFD6F3C473A}.Debug|Any CPU.ActiveCfg = Debug|Any CPU
		{5E402B38-CEFB-4338-9D88-3BFD6F3C473A}.Debug|Any CPU.Build.0 = Debug|Any CPU
		{5E402B38-CEFB-4338-9D88-3BFD6F3C473A}.Release|Any CPU.ActiveCfg = Release|Any CPU
		{5E402B38-CEFB-4338-9D88-3BFD6F3C473A}.Release|Any CPU.Build.0 = Release|Any CPU
		{9B5F1BE3-E385-402B-82F9-5BA5BA9BB7AE}.Debug|Any CPU.ActiveCfg = Debug|Any CPU
		{9B5F1BE3-E385-402B-82F9-5BA5BA9BB7AE}.Debug|Any CPU.Build.0 = Debug|Any CPU
		{9B5F1BE3-E385-402B-82F9-5BA5BA9BB7AE}.Release|Any CPU.ActiveCfg = Release|Any CPU
		{9B5F1BE3-E385-402B-82F9-5BA5BA9BB7AE}.Release|Any CPU.Build.0 = Release|Any CPU
		{A60A6CCB-E7E9-48C0-80E6-69CDE74CAEAF}.Debug|Any CPU.ActiveCfg = Debug|Any CPU
		{A60A6CCB-E7E9-48C0-80E6-69CDE74CAEAF}.Debug|Any CPU.Build.0 = Debug|Any CPU
		{A60A6CCB-E7E9-48C0-80E6-69CDE74CAEAF}.Release|Any CPU.ActiveCfg = Release|Any CPU
		{A60A6CCB-E7E9-48C0-80E6-69CDE74CAEAF}.Release|Any CPU.Build.0 = Release|Any CPU
		{65B26148-B02F-4490-9430-AEC903658559}.Debug|Any CPU.ActiveCfg = Debug|Any CPU
		{65B26148-B02F-4490-9430-AEC903658559}.Debug|Any CPU.Build.0 = Debug|Any CPU
		{65B26148-B02F-4490-9430-AEC903658559}.Release|Any CPU.ActiveCfg = Release|Any CPU
		{65B26148-B02F-4490-9430-AEC903658559}.Release|Any CPU.Build.0 = Release|Any CPU
		{0148C102-1E61-4829-89B4-B1B97A8208DB}.Debug|Any CPU.ActiveCfg = Debug|Any CPU
		{0148C102-1E61-4829-89B4-B1B97A8208DB}.Debug|Any CPU.Build.0 = Debug|Any CPU
		{0148C102-1E61-4829-89B4-B1B97A8208DB}.Release|Any CPU.ActiveCfg = Release|Any CPU
		{0148C102-1E61-4829-89B4-B1B97A8208DB}.Release|Any CPU.Build.0 = Release|Any CPU
		{DFC9414D-5E09-4119-AF2A-8EA5494E20F6}.Debug|Any CPU.ActiveCfg = Debug|Any CPU
		{DFC9414D-5E09-4119-AF2A-8EA5494E20F6}.Debug|Any CPU.Build.0 = Debug|Any CPU
		{DFC9414D-5E09-4119-AF2A-8EA5494E20F6}.Release|Any CPU.ActiveCfg = Release|Any CPU
		{DFC9414D-5E09-4119-AF2A-8EA5494E20F6}.Release|Any CPU.Build.0 = Release|Any CPU
		{779B01FD-A439-4923-BC44-0FDE06B1AD4D}.Debug|Any CPU.ActiveCfg = Debug|Any CPU
		{779B01FD-A439-4923-BC44-0FDE06B1AD4D}.Debug|Any CPU.Build.0 = Debug|Any CPU
		{779B01FD-A439-4923-BC44-0FDE06B1AD4D}.Release|Any CPU.ActiveCfg = Release|Any CPU
		{779B01FD-A439-4923-BC44-0FDE06B1AD4D}.Release|Any CPU.Build.0 = Release|Any CPU
		{48285F51-591E-4DF2-9E00-F64A38AFA972}.Debug|Any CPU.ActiveCfg = Debug|Any CPU
		{48285F51-591E-4DF2-9E00-F64A38AFA972}.Debug|Any CPU.Build.0 = Debug|Any CPU
		{48285F51-591E-4DF2-9E00-F64A38AFA972}.Release|Any CPU.ActiveCfg = Release|Any CPU
		{48285F51-591E-4DF2-9E00-F64A38AFA972}.Release|Any CPU.Build.0 = Release|Any CPU
		{6DEBA5D4-325E-4AE5-9F3F-966103C6FEB6}.Debug|Any CPU.ActiveCfg = Debug|Any CPU
		{6DEBA5D4-325E-4AE5-9F3F-966103C6FEB6}.Debug|Any CPU.Build.0 = Debug|Any CPU
		{6DEBA5D4-325E-4AE5-9F3F-966103C6FEB6}.Release|Any CPU.ActiveCfg = Release|Any CPU
		{6DEBA5D4-325E-4AE5-9F3F-966103C6FEB6}.Release|Any CPU.Build.0 = Release|Any CPU
		{EA5EBF5B-55F7-4496-9C84-90B909CAD97D}.Debug|Any CPU.ActiveCfg = Debug|Any CPU
		{EA5EBF5B-55F7-4496-9C84-90B909CAD97D}.Debug|Any CPU.Build.0 = Debug|Any CPU
		{EA5EBF5B-55F7-4496-9C84-90B909CAD97D}.Release|Any CPU.ActiveCfg = Release|Any CPU
		{EA5EBF5B-55F7-4496-9C84-90B909CAD97D}.Release|Any CPU.Build.0 = Release|Any CPU
		{4B3FBBF8-AF07-46C7-A931-DB46108F522D}.Debug|Any CPU.ActiveCfg = Debug|Any CPU
		{4B3FBBF8-AF07-46C7-A931-DB46108F522D}.Debug|Any CPU.Build.0 = Debug|Any CPU
		{4B3FBBF8-AF07-46C7-A931-DB46108F522D}.Release|Any CPU.ActiveCfg = Release|Any CPU
		{4B3FBBF8-AF07-46C7-A931-DB46108F522D}.Release|Any CPU.Build.0 = Release|Any CPU
		{59741623-EADB-461D-A8B6-32C96A6FBE5C}.Debug|Any CPU.ActiveCfg = Debug|Any CPU
		{59741623-EADB-461D-A8B6-32C96A6FBE5C}.Debug|Any CPU.Build.0 = Debug|Any CPU
		{59741623-EADB-461D-A8B6-32C96A6FBE5C}.Release|Any CPU.ActiveCfg = Release|Any CPU
		{59741623-EADB-461D-A8B6-32C96A6FBE5C}.Release|Any CPU.Build.0 = Release|Any CPU
		{B7A4E541-D42E-474D-B2A9-EA4F50FD37D3}.Debug|Any CPU.ActiveCfg = Debug|Any CPU
		{B7A4E541-D42E-474D-B2A9-EA4F50FD37D3}.Debug|Any CPU.Build.0 = Debug|Any CPU
		{B7A4E541-D42E-474D-B2A9-EA4F50FD37D3}.Release|Any CPU.ActiveCfg = Release|Any CPU
		{B7A4E541-D42E-474D-B2A9-EA4F50FD37D3}.Release|Any CPU.Build.0 = Release|Any CPU
		{1D849A7C-7F3D-4CB1-AFFC-AB12BDE7BFBB}.Debug|Any CPU.ActiveCfg = Debug|Any CPU
		{1D849A7C-7F3D-4CB1-AFFC-AB12BDE7BFBB}.Debug|Any CPU.Build.0 = Debug|Any CPU
		{1D849A7C-7F3D-4CB1-AFFC-AB12BDE7BFBB}.Release|Any CPU.ActiveCfg = Release|Any CPU
		{1D849A7C-7F3D-4CB1-AFFC-AB12BDE7BFBB}.Release|Any CPU.Build.0 = Release|Any CPU
		{C75B18F7-D57D-4FBE-9CB5-852D689BF398}.Debug|Any CPU.ActiveCfg = Debug|Any CPU
		{C75B18F7-D57D-4FBE-9CB5-852D689BF398}.Debug|Any CPU.Build.0 = Debug|Any CPU
		{C75B18F7-D57D-4FBE-9CB5-852D689BF398}.Release|Any CPU.ActiveCfg = Release|Any CPU
		{C75B18F7-D57D-4FBE-9CB5-852D689BF398}.Release|Any CPU.Build.0 = Release|Any CPU
		{C3BFE754-728C-4EB4-B233-573A3BB1D585}.Debug|Any CPU.ActiveCfg = Debug|Any CPU
		{C3BFE754-728C-4EB4-B233-573A3BB1D585}.Debug|Any CPU.Build.0 = Debug|Any CPU
		{C3BFE754-728C-4EB4-B233-573A3BB1D585}.Release|Any CPU.ActiveCfg = Release|Any CPU
		{C3BFE754-728C-4EB4-B233-573A3BB1D585}.Release|Any CPU.Build.0 = Release|Any CPU
		{258B7BA7-E68A-4EFA-90B7-DFF13883CBCA}.Debug|Any CPU.ActiveCfg = Debug|Any CPU
		{258B7BA7-E68A-4EFA-90B7-DFF13883CBCA}.Debug|Any CPU.Build.0 = Debug|Any CPU
		{258B7BA7-E68A-4EFA-90B7-DFF13883CBCA}.Release|Any CPU.ActiveCfg = Release|Any CPU
		{258B7BA7-E68A-4EFA-90B7-DFF13883CBCA}.Release|Any CPU.Build.0 = Release|Any CPU
		{085BAD3F-D254-425B-A2E8-F51F3CAF7779}.Debug|Any CPU.ActiveCfg = Debug|Any CPU
		{085BAD3F-D254-425B-A2E8-F51F3CAF7779}.Debug|Any CPU.Build.0 = Debug|Any CPU
		{085BAD3F-D254-425B-A2E8-F51F3CAF7779}.Release|Any CPU.ActiveCfg = Release|Any CPU
		{085BAD3F-D254-425B-A2E8-F51F3CAF7779}.Release|Any CPU.Build.0 = Release|Any CPU
	EndGlobalSection
	GlobalSection(SolutionProperties) = preSolution
		HideSolutionNode = FALSE
	EndGlobalSection
	GlobalSection(NestedProjects) = preSolution
		{5E402B38-CEFB-4338-9D88-3BFD6F3C473A} = {6312FF7A-4A0B-42BE-8919-C766409BBC14}
		{9B5F1BE3-E385-402B-82F9-5BA5BA9BB7AE} = {0D58E6DD-772A-446B-A83C-21AC416678C1}
		{A60A6CCB-E7E9-48C0-80E6-69CDE74CAEAF} = {0D58E6DD-772A-446B-A83C-21AC416678C1}
		{65B26148-B02F-4490-9430-AEC903658559} = {0D58E6DD-772A-446B-A83C-21AC416678C1}
		{0148C102-1E61-4829-89B4-B1B97A8208DB} = {E34C13E2-7C4E-4BB2-932B-1EE0D9EFCA04}
		{DFC9414D-5E09-4119-AF2A-8EA5494E20F6} = {1C2C9FEC-1B43-444D-B5CD-C9B6CC0F88CC}
		{779B01FD-A439-4923-BC44-0FDE06B1AD4D} = {E34C13E2-7C4E-4BB2-932B-1EE0D9EFCA04}
		{48285F51-591E-4DF2-9E00-F64A38AFA972} = {E34C13E2-7C4E-4BB2-932B-1EE0D9EFCA04}
		{6DEBA5D4-325E-4AE5-9F3F-966103C6FEB6} = {CEFACAD2-46DE-4FD9-8EC7-3FA3B88F1BED}
		{EA5EBF5B-55F7-4496-9C84-90B909CAD97D} = {1C2C9FEC-1B43-444D-B5CD-C9B6CC0F88CC}
		{4B3FBBF8-AF07-46C7-A931-DB46108F522D} = {1BD1D16D-9B2F-404E-AF2B-E0E013F9C93F}
		{59741623-EADB-461D-A8B6-32C96A6FBE5C} = {F837281D-6917-4581-BAEC-71D9236AA187}
		{B7A4E541-D42E-474D-B2A9-EA4F50FD37D3} = {F837281D-6917-4581-BAEC-71D9236AA187}
		{C3BFE754-728C-4EB4-B233-573A3BB1D585} = {0D58E6DD-772A-446B-A83C-21AC416678C1}
		{085BAD3F-D254-425B-A2E8-F51F3CAF7779} = {E8F16137-6AE1-4BE5-A017-BB6C7F266D36}
	EndGlobalSection
	GlobalSection(ExtensibilityGlobals) = postSolution
		SolutionGuid = {EFB423F9-55B8-4AAA-B678-724323DDAAB7}
	EndGlobalSection
EndGlobal
